{
  "version": 4,
  "terraform_version": "1.6.2",
  "serial": 46,
  "lineage": "7f308fd4-f896-8dcf-e77c-fafc6e2cbfcf",
  "outputs": {},
  "resources": [
    {
      "mode": "data",
      "type": "digitalocean_ssh_key",
      "name": "terraform",
      "provider": "provider[\"registry.opentofu.org/digitalocean/digitalocean\"]",
      "instances": [
        {
          "schema_version": 0,
          "attributes": {
            "fingerprint": "a9:36:db:0e:70:99:ec:d7:6a:da:b9:55:ef:9b:fc:55",
            "id": 41823942,
            "name": "terraform",
            "public_key": "ssh-ed25519 AAAAC3NzaC1lZDI1NTE5AAAAIP7sqsunU169CGVlcXGiYkoOi21o9MQIRhaZlcLwrJQB popov@Popov-PC"
          },
          "sensitive_attributes": []
        }
      ]
    },
    {
      "mode": "managed",
      "type": "digitalocean_droplet",
      "name": "backend-1",
      "provider": "provider[\"registry.opentofu.org/digitalocean/digitalocean\"]",
      "instances": [
        {
          "schema_version": 1,
          "attributes": {
            "backups": false,
            "created_at": "2024-04-30T06:56:55Z",
            "disk": 60,
            "droplet_agent": null,
            "graceful_shutdown": false,
            "id": "415887911",
            "image": "ubuntu-22-04-x64",
            "ipv4_address": "167.99.138.1",
            "ipv4_address_private": "10.114.0.2",
            "ipv6": false,
            "ipv6_address": "",
            "locked": false,
            "memory": 2048,
            "monitoring": false,
            "name": "my-backend",
            "price_hourly": 0.02679,
            "price_monthly": 18,
            "private_networking": true,
            "region": "fra1",
            "resize_disk": true,
            "size": "s-2vcpu-2gb",
            "ssh_keys": [
              "41823942"
            ],
            "status": "active",
            "tags": null,
            "timeouts": null,
            "urn": "do:droplet:415887911",
            "user_data": null,
            "vcpus": 2,
            "volume_ids": [],
            "vpc_uuid": "1e356da9-a536-4583-bbef-38edce8d102b"
          },
          "sensitive_attributes": [],
          "private": "eyJlMmJmYjczMC1lY2FhLTExZTYtOGY4OC0zNDM2M2JjN2M0YzAiOnsiY3JlYXRlIjozNjAwMDAwMDAwMDAwLCJkZWxldGUiOjYwMDAwMDAwMDAwLCJ1cGRhdGUiOjM2MDAwMDAwMDAwMDB9LCJzY2hlbWFfdmVyc2lvbiI6IjEifQ==",
          "dependencies": [
            "data.digitalocean_ssh_key.terraform"
          ]
        }
      ]
    },
    {
      "mode": "managed",
      "type": "digitalocean_droplet",
      "name": "www-1",
      "provider": "provider[\"registry.opentofu.org/digitalocean/digitalocean\"]",
      "instances": [
        {
          "schema_version": 1,
          "attributes": {
            "backups": false,
            "created_at": "2024-04-30T06:56:55Z",
            "disk": 60,
            "droplet_agent": null,
            "graceful_shutdown": false,
            "id": "415887912",
            "image": "ubuntu-22-04-x64",
            "ipv4_address": "104.248.245.202",
            "ipv4_address_private": "10.114.0.3",
            "ipv6": false,
            "ipv6_address": "",
            "locked": false,
            "memory": 2048,
            "monitoring": false,
            "name": "something",
            "price_hourly": 0.02679,
            "price_monthly": 18,
            "private_networking": true,
            "region": "fra1",
            "resize_disk": true,
            "size": "s-2vcpu-2gb",
            "ssh_keys": [
              "41823942"
            ],
            "status": "active",
            "tags": null,
            "timeouts": null,
            "urn": "do:droplet:415887912",
            "user_data": null,
            "vcpus": 2,
            "volume_ids": [],
            "vpc_uuid": "1e356da9-a536-4583-bbef-38edce8d102b"
          },
          "sensitive_attributes": [],
          "private": "eyJlMmJmYjczMC1lY2FhLTExZTYtOGY4OC0zNDM2M2JjN2M0YzAiOnsiY3JlYXRlIjozNjAwMDAwMDAwMDAwLCJkZWxldGUiOjYwMDAwMDAwMDAwLCJ1cGRhdGUiOjM2MDAwMDAwMDAwMDB9LCJzY2hlbWFfdmVyc2lvbiI6IjEifQ==",
          "dependencies": [
            "data.digitalocean_ssh_key.terraform"
          ]
        }
      ]
    }
  ],
  "check_results": null
}
